// !$*UTF8*$!
{
	archiveVersion = 1;
	classes = {
	};
	objectVersion = 50;
	objects = {

/* Begin PBXBuildFile section */
		83D0879AD7148AD7B6ADF5F0 /* Pods_calendar99_logicTests.framework in Frameworks */ = {isa = PBXBuildFile; fileRef = C737F71F74B500EA998EB22F /* Pods_calendar99_logicTests.framework */; };
		8B35A294FF4D72D4892DCE2F /* Pods_calendar99_demo.framework in Frameworks */ = {isa = PBXBuildFile; fileRef = F059406167C331B65DF17BCE /* Pods_calendar99_demo.framework */; };
		99EB1FCC7C144B9EC432DFCF /* Pods_calendar99.framework in Frameworks */ = {isa = PBXBuildFile; fileRef = D938B372CAFDEAD5B7917D27 /* Pods_calendar99.framework */; };
		A9FC60253899F296B3E614F9 /* Pods_calendar99_logic.framework in Frameworks */ = {isa = PBXBuildFile; fileRef = 9FA7759958763D8ADC1A0A33 /* Pods_calendar99_logic.framework */; };
		D3136209207FBC9E0090263A /* SequentialDateCalculator.swift in Sources */ = {isa = PBXBuildFile; fileRef = D3136208207FBC9E0090263A /* SequentialDateCalculator.swift */; };
		D3140145208130930029BA0C /* MonthGridTest.swift in Sources */ = {isa = PBXBuildFile; fileRef = D3140144208130930029BA0C /* MonthGridTest.swift */; };
		D31431A320805A240044B936 /* README.md in Resources */ = {isa = PBXBuildFile; fileRef = D31431A220805A240044B936 /* README.md */; };
		D31431A620805D150044B936 /* WeekdayView.swift in Sources */ = {isa = PBXBuildFile; fileRef = D31431A520805D150044B936 /* WeekdayView.swift */; };
		D31431A920805EA10044B936 /* WeekdayAwareViewModel.swift in Sources */ = {isa = PBXBuildFile; fileRef = D31431A820805EA10044B936 /* WeekdayAwareViewModel.swift */; };
		D31431AC20805FD50044B936 /* WeekdayDisplayViewModel.swift in Sources */ = {isa = PBXBuildFile; fileRef = D31431AB20805FD50044B936 /* WeekdayDisplayViewModel.swift */; };
		D31431AE208062FB0044B936 /* WeekdayDisplayModel.swift in Sources */ = {isa = PBXBuildFile; fileRef = D31431AD208062FB0044B936 /* WeekdayDisplayModel.swift */; };
		D31431B0208068300044B936 /* WeekdayCell.swift in Sources */ = {isa = PBXBuildFile; fileRef = D31431AF208068300044B936 /* WeekdayCell.swift */; };
		D31431B22080684C0044B936 /* WeekdayCell.xib in Resources */ = {isa = PBXBuildFile; fileRef = D31431B12080684C0044B936 /* WeekdayCell.xib */; };
		D31431B7208074150044B936 /* MonthAwareModel.swift in Sources */ = {isa = PBXBuildFile; fileRef = D31431B6208074150044B936 /* MonthAwareModel.swift */; };
		D31431B9208076FC0044B936 /* SelectableWeekdayModel.swift in Sources */ = {isa = PBXBuildFile; fileRef = D31431B8208076FC0044B936 /* SelectableWeekdayModel.swift */; };
		D31431BB208079D70044B936 /* SelectableWeekdayViewModel.swift in Sources */ = {isa = PBXBuildFile; fileRef = D31431BA208079D70044B936 /* SelectableWeekdayViewModel.swift */; };
		D31431BF20809A4A0044B936 /* MultiDaySelectionModel.swift in Sources */ = {isa = PBXBuildFile; fileRef = D31431BE20809A4A0044B936 /* MultiDaySelectionModel.swift */; };
		D31431C12080B1EF0044B936 /* SingleDaySelectionTest.swift in Sources */ = {isa = PBXBuildFile; fileRef = D31431C02080B1EF0044B936 /* SingleDaySelectionTest.swift */; };
		D31431C32080B4E70044B936 /* RootTest.swift in Sources */ = {isa = PBXBuildFile; fileRef = D31431C22080B4E70044B936 /* RootTest.swift */; };
		D314670B207DFBEA00A6B186 /* MonthSectionModel.swift in Sources */ = {isa = PBXBuildFile; fileRef = D314670A207DFBEA00A6B186 /* MonthSectionModel.swift */; };
		D314670D207E029A00A6B186 /* MonthSectionViewModel.swift in Sources */ = {isa = PBXBuildFile; fileRef = D314670C207E029A00A6B186 /* MonthSectionViewModel.swift */; };
		D319C2C0207D9FE0005D1828 /* MonthHeader.xcassets in Resources */ = {isa = PBXBuildFile; fileRef = D319C2BF207D9FE0005D1828 /* MonthHeader.xcassets */; };
		D319C2C3207DA50A005D1828 /* MonthSectionView.swift in Sources */ = {isa = PBXBuildFile; fileRef = D319C2C2207DA50A005D1828 /* MonthSectionView.swift */; };
		D31C0429207D1649000C2C75 /* MonthControlViewModel.swift in Sources */ = {isa = PBXBuildFile; fileRef = D31C0428207D1649000C2C75 /* MonthControlViewModel.swift */; };
		D31C042B207D17C5000C2C75 /* MonthControlModel.swift in Sources */ = {isa = PBXBuildFile; fileRef = D31C042A207D17C5000C2C75 /* MonthControlModel.swift */; };
		D31C042D207D1BA6000C2C75 /* DateCalculator.swift in Sources */ = {isa = PBXBuildFile; fileRef = D31C042C207D1BA6000C2C75 /* DateCalculator.swift */; };
		D31C042F207D2106000C2C75 /* SequentialDateCalculatorTest.swift in Sources */ = {isa = PBXBuildFile; fileRef = D31C042E207D2106000C2C75 /* SequentialDateCalculatorTest.swift */; };
		D31DA881207EF28800FB4355 /* SingleDaySelectionModel.swift in Sources */ = {isa = PBXBuildFile; fileRef = D31DA880207EF28800FB4355 /* SingleDaySelectionModel.swift */; };
		D31DA885207EF47E00FB4355 /* SingleDaySelectionViewModel.swift in Sources */ = {isa = PBXBuildFile; fileRef = D31DA884207EF47E00FB4355 /* SingleDaySelectionViewModel.swift */; };
		D31DA889207F221B00FB4355 /* SingleDaySelectionFunctionality.swift in Sources */ = {isa = PBXBuildFile; fileRef = D31DA888207F221B00FB4355 /* SingleDaySelectionFunctionality.swift */; };
		D31DA890207F5BB100FB4355 /* MonthGridViewModel.swift in Sources */ = {isa = PBXBuildFile; fileRef = D31DA88F207F5BB100FB4355 /* MonthGridViewModel.swift */; };
		D31DA892207F685C00FB4355 /* MonthGridModel.swift in Sources */ = {isa = PBXBuildFile; fileRef = D31DA891207F685C00FB4355 /* MonthGridModel.swift */; };
		D3B510A62080DEC100A2E8EF /* MonthControlTest.swift in Sources */ = {isa = PBXBuildFile; fileRef = D3B510A52080DEC100A2E8EF /* MonthControlTest.swift */; };
		D3D63C68207E49A700772F53 /* MonthSectionLayout.swift in Sources */ = {isa = PBXBuildFile; fileRef = D3D63C67207E49A700772F53 /* MonthSectionLayout.swift */; };
		D3DA6FA1207C6CEE00A3DFE1 /* calendar99.framework in Frameworks */ = {isa = PBXBuildFile; fileRef = D3DA6F97207C6CEE00A3DFE1 /* calendar99.framework */; };
		D3DA6FA8207C6CEE00A3DFE1 /* calendar99.h in Headers */ = {isa = PBXBuildFile; fileRef = D3DA6F9A207C6CEE00A3DFE1 /* calendar99.h */; settings = {ATTRIBUTES = (Public, ); }; };
		D3DA6FBF207C6D2300A3DFE1 /* calendar99_logic.framework in Frameworks */ = {isa = PBXBuildFile; fileRef = D3DA6FB6207C6D2200A3DFE1 /* calendar99_logic.framework */; };
		D3DA6FC6207C6D2300A3DFE1 /* calendar99_logic.h in Headers */ = {isa = PBXBuildFile; fileRef = D3DA6FB8207C6D2300A3DFE1 /* calendar99_logic.h */; settings = {ATTRIBUTES = (Public, ); }; };
		D3DA6FCE207C6E7800A3DFE1 /* MonthHeaderViewModel.swift in Sources */ = {isa = PBXBuildFile; fileRef = D3DA6FCD207C6E7800A3DFE1 /* MonthHeaderViewModel.swift */; };
		D3DA6FD0207C6E7E00A3DFE1 /* MonthHeaderModel.swift in Sources */ = {isa = PBXBuildFile; fileRef = D3DA6FCF207C6E7E00A3DFE1 /* MonthHeaderModel.swift */; };
		D3DA6FD4207C6EC700A3DFE1 /* Entry.swift in Sources */ = {isa = PBXBuildFile; fileRef = D3DA6FD3207C6EC700A3DFE1 /* Entry.swift */; };
		D3DA6FD6207C72D700A3DFE1 /* MonthView.swift in Sources */ = {isa = PBXBuildFile; fileRef = D3DA6FD5207C72D700A3DFE1 /* MonthView.swift */; };
		D3DA6FD8207C735300A3DFE1 /* DateCell.swift in Sources */ = {isa = PBXBuildFile; fileRef = D3DA6FD7207C735300A3DFE1 /* DateCell.swift */; };
		D3DA6FE0207C739400A3DFE1 /* AppDelegate.swift in Sources */ = {isa = PBXBuildFile; fileRef = D3DA6FDF207C739400A3DFE1 /* AppDelegate.swift */; };
		D3DA6FE2207C739400A3DFE1 /* ViewController.swift in Sources */ = {isa = PBXBuildFile; fileRef = D3DA6FE1207C739400A3DFE1 /* ViewController.swift */; };
		D3DA6FE5207C739400A3DFE1 /* Main.storyboard in Resources */ = {isa = PBXBuildFile; fileRef = D3DA6FE3207C739400A3DFE1 /* Main.storyboard */; };
		D3DA6FE7207C739500A3DFE1 /* Assets.xcassets in Resources */ = {isa = PBXBuildFile; fileRef = D3DA6FE6207C739500A3DFE1 /* Assets.xcassets */; };
		D3DA6FEA207C739500A3DFE1 /* LaunchScreen.storyboard in Resources */ = {isa = PBXBuildFile; fileRef = D3DA6FE8207C739500A3DFE1 /* LaunchScreen.storyboard */; };
		D3DA7010207C805300A3DFE1 /* Entity.swift in Sources */ = {isa = PBXBuildFile; fileRef = D3DA700F207C805300A3DFE1 /* Entity.swift */; };
		D3DA7014207C868F00A3DFE1 /* MonthHeader.swift in Sources */ = {isa = PBXBuildFile; fileRef = D3DA7013207C868F00A3DFE1 /* MonthHeader.swift */; };
		D3DA7016207C876300A3DFE1 /* Util.swift in Sources */ = {isa = PBXBuildFile; fileRef = D3DA7015207C876300A3DFE1 /* Util.swift */; };
		D3DA701F207C8E0F00A3DFE1 /* calendar99_logic.framework in Frameworks */ = {isa = PBXBuildFile; fileRef = D3DA6FB6207C6D2200A3DFE1 /* calendar99_logic.framework */; };
		D3DA7020207C8E0F00A3DFE1 /* calendar99.framework in Frameworks */ = {isa = PBXBuildFile; fileRef = D3DA6F97207C6CEE00A3DFE1 /* calendar99.framework */; };
		D3DA7021207C8E2300A3DFE1 /* calendar99_logic.framework in Frameworks */ = {isa = PBXBuildFile; fileRef = D3DA6FB6207C6D2200A3DFE1 /* calendar99_logic.framework */; };
		D3DA7025207C97F100A3DFE1 /* MonthCompTest.swift in Sources */ = {isa = PBXBuildFile; fileRef = D3DA7024207C97F100A3DFE1 /* MonthCompTest.swift */; };
		D3DA7027207CA55300A3DFE1 /* DateCell.xib in Resources */ = {isa = PBXBuildFile; fileRef = D3DA7026207CA55300A3DFE1 /* DateCell.xib */; };
		D3DA7029207CA98400A3DFE1 /* MonthHeader.xib in Resources */ = {isa = PBXBuildFile; fileRef = D3DA7028207CA98400A3DFE1 /* MonthHeader.xib */; };
		D3DA702D207CBDE900A3DFE1 /* MonthDisplayModel.swift in Sources */ = {isa = PBXBuildFile; fileRef = D3DA702C207CBDE900A3DFE1 /* MonthDisplayModel.swift */; };
		D3DA702F207CBF3D00A3DFE1 /* MonthDisplayViewModel.swift in Sources */ = {isa = PBXBuildFile; fileRef = D3DA702E207CBF3D00A3DFE1 /* MonthDisplayViewModel.swift */; };
		E2DCBB123488442269125D97 /* Pods_calendar99Tests.framework in Frameworks */ = {isa = PBXBuildFile; fileRef = 0824444065A1A7B969DBD579 /* Pods_calendar99Tests.framework */; };
/* End PBXBuildFile section */

/* Begin PBXContainerItemProxy section */
		D3DA6FA2207C6CEE00A3DFE1 /* PBXContainerItemProxy */ = {
			isa = PBXContainerItemProxy;
			containerPortal = D3DA6F8E207C6CEE00A3DFE1 /* Project object */;
			proxyType = 1;
			remoteGlobalIDString = D3DA6F96207C6CEE00A3DFE1;
			remoteInfo = calendar99;
		};
		D3DA6FC0207C6D2300A3DFE1 /* PBXContainerItemProxy */ = {
			isa = PBXContainerItemProxy;
			containerPortal = D3DA6F8E207C6CEE00A3DFE1 /* Project object */;
			proxyType = 1;
			remoteGlobalIDString = D3DA6FB5207C6D2200A3DFE1;
			remoteInfo = "calendar99-logic";
		};
		D3DA7017207C8CB100A3DFE1 /* PBXContainerItemProxy */ = {
			isa = PBXContainerItemProxy;
			containerPortal = D3DA6F8E207C6CEE00A3DFE1 /* Project object */;
			proxyType = 1;
			remoteGlobalIDString = D3DA6FB5207C6D2200A3DFE1;
			remoteInfo = "calendar99-logic";
		};
		D3DA701B207C8E0A00A3DFE1 /* PBXContainerItemProxy */ = {
			isa = PBXContainerItemProxy;
			containerPortal = D3DA6F8E207C6CEE00A3DFE1 /* Project object */;
			proxyType = 1;
			remoteGlobalIDString = D3DA6F96207C6CEE00A3DFE1;
			remoteInfo = calendar99;
		};
		D3DA701D207C8E0A00A3DFE1 /* PBXContainerItemProxy */ = {
			isa = PBXContainerItemProxy;
			containerPortal = D3DA6F8E207C6CEE00A3DFE1 /* Project object */;
			proxyType = 1;
			remoteGlobalIDString = D3DA6FB5207C6D2200A3DFE1;
			remoteInfo = "calendar99-logic";
		};
/* End PBXContainerItemProxy section */

/* Begin PBXFileReference section */
		04D74B116647242FC8CF08CA /* Pods-calendar99-demo.release.xcconfig */ = {isa = PBXFileReference; includeInIndex = 1; lastKnownFileType = text.xcconfig; name = "Pods-calendar99-demo.release.xcconfig"; path = "Pods/Target Support Files/Pods-calendar99-demo/Pods-calendar99-demo.release.xcconfig"; sourceTree = "<group>"; };
		0824444065A1A7B969DBD579 /* Pods_calendar99Tests.framework */ = {isa = PBXFileReference; explicitFileType = wrapper.framework; includeInIndex = 0; path = Pods_calendar99Tests.framework; sourceTree = BUILT_PRODUCTS_DIR; };
		09DD075CBF6FAE8839ED6B85 /* Pods-calendar99Tests.debug.xcconfig */ = {isa = PBXFileReference; includeInIndex = 1; lastKnownFileType = text.xcconfig; name = "Pods-calendar99Tests.debug.xcconfig"; path = "Pods/Target Support Files/Pods-calendar99Tests/Pods-calendar99Tests.debug.xcconfig"; sourceTree = "<group>"; };
		2581178A4130BEE2B0114EB9 /* Pods-calendar99Tests.release.xcconfig */ = {isa = PBXFileReference; includeInIndex = 1; lastKnownFileType = text.xcconfig; name = "Pods-calendar99Tests.release.xcconfig"; path = "Pods/Target Support Files/Pods-calendar99Tests/Pods-calendar99Tests.release.xcconfig"; sourceTree = "<group>"; };
		2F64F57362BEB3E1164FB5BC /* Pods-calendar99-logicTests.debug.xcconfig */ = {isa = PBXFileReference; includeInIndex = 1; lastKnownFileType = text.xcconfig; name = "Pods-calendar99-logicTests.debug.xcconfig"; path = "Pods/Target Support Files/Pods-calendar99-logicTests/Pods-calendar99-logicTests.debug.xcconfig"; sourceTree = "<group>"; };
		320E00D12C0E1392AB73DE2E /* Pods-calendar99-logic.release.xcconfig */ = {isa = PBXFileReference; includeInIndex = 1; lastKnownFileType = text.xcconfig; name = "Pods-calendar99-logic.release.xcconfig"; path = "Pods/Target Support Files/Pods-calendar99-logic/Pods-calendar99-logic.release.xcconfig"; sourceTree = "<group>"; };
		3DAE1A73F092169DB91E2865 /* Pods-calendar99.debug.xcconfig */ = {isa = PBXFileReference; includeInIndex = 1; lastKnownFileType = text.xcconfig; name = "Pods-calendar99.debug.xcconfig"; path = "Pods/Target Support Files/Pods-calendar99/Pods-calendar99.debug.xcconfig"; sourceTree = "<group>"; };
		48CDE88D6801E33CC237AF9E /* Pods-calendar99.release.xcconfig */ = {isa = PBXFileReference; includeInIndex = 1; lastKnownFileType = text.xcconfig; name = "Pods-calendar99.release.xcconfig"; path = "Pods/Target Support Files/Pods-calendar99/Pods-calendar99.release.xcconfig"; sourceTree = "<group>"; };
		7B3C8C28804A3AC4610AC5C0 /* Pods-calendar99-demo.debug.xcconfig */ = {isa = PBXFileReference; includeInIndex = 1; lastKnownFileType = text.xcconfig; name = "Pods-calendar99-demo.debug.xcconfig"; path = "Pods/Target Support Files/Pods-calendar99-demo/Pods-calendar99-demo.debug.xcconfig"; sourceTree = "<group>"; };
		9FA7759958763D8ADC1A0A33 /* Pods_calendar99_logic.framework */ = {isa = PBXFileReference; explicitFileType = wrapper.framework; includeInIndex = 0; path = Pods_calendar99_logic.framework; sourceTree = BUILT_PRODUCTS_DIR; };
		B83FD4052FC070AEB5AC9F55 /* Pods-calendar99-logicTests.release.xcconfig */ = {isa = PBXFileReference; includeInIndex = 1; lastKnownFileType = text.xcconfig; name = "Pods-calendar99-logicTests.release.xcconfig"; path = "Pods/Target Support Files/Pods-calendar99-logicTests/Pods-calendar99-logicTests.release.xcconfig"; sourceTree = "<group>"; };
		C737F71F74B500EA998EB22F /* Pods_calendar99_logicTests.framework */ = {isa = PBXFileReference; explicitFileType = wrapper.framework; includeInIndex = 0; path = Pods_calendar99_logicTests.framework; sourceTree = BUILT_PRODUCTS_DIR; };
		CA2363311704BDDCFECB5053 /* Pods-calendar99-logic.debug.xcconfig */ = {isa = PBXFileReference; includeInIndex = 1; lastKnownFileType = text.xcconfig; name = "Pods-calendar99-logic.debug.xcconfig"; path = "Pods/Target Support Files/Pods-calendar99-logic/Pods-calendar99-logic.debug.xcconfig"; sourceTree = "<group>"; };
		D3136208207FBC9E0090263A /* SequentialDateCalculator.swift */ = {isa = PBXFileReference; lastKnownFileType = sourcecode.swift; path = SequentialDateCalculator.swift; sourceTree = "<group>"; };
		D3140144208130930029BA0C /* MonthGridTest.swift */ = {isa = PBXFileReference; lastKnownFileType = sourcecode.swift; path = MonthGridTest.swift; sourceTree = "<group>"; };
		D31431A220805A240044B936 /* README.md */ = {isa = PBXFileReference; fileEncoding = 4; lastKnownFileType = net.daringfireball.markdown; path = README.md; sourceTree = "<group>"; };
		D31431A520805D150044B936 /* WeekdayView.swift */ = {isa = PBXFileReference; lastKnownFileType = sourcecode.swift; path = WeekdayView.swift; sourceTree = "<group>"; };
		D31431A820805EA10044B936 /* WeekdayAwareViewModel.swift */ = {isa = PBXFileReference; lastKnownFileType = sourcecode.swift; path = WeekdayAwareViewModel.swift; sourceTree = "<group>"; };
		D31431AB20805FD50044B936 /* WeekdayDisplayViewModel.swift */ = {isa = PBXFileReference; lastKnownFileType = sourcecode.swift; path = WeekdayDisplayViewModel.swift; sourceTree = "<group>"; };
		D31431AD208062FB0044B936 /* WeekdayDisplayModel.swift */ = {isa = PBXFileReference; lastKnownFileType = sourcecode.swift; path = WeekdayDisplayModel.swift; sourceTree = "<group>"; };
		D31431AF208068300044B936 /* WeekdayCell.swift */ = {isa = PBXFileReference; lastKnownFileType = sourcecode.swift; path = WeekdayCell.swift; sourceTree = "<group>"; };
		D31431B12080684C0044B936 /* WeekdayCell.xib */ = {isa = PBXFileReference; lastKnownFileType = file.xib; path = WeekdayCell.xib; sourceTree = "<group>"; };
		D31431B6208074150044B936 /* MonthAwareModel.swift */ = {isa = PBXFileReference; lastKnownFileType = sourcecode.swift; path = MonthAwareModel.swift; sourceTree = "<group>"; };
		D31431B8208076FC0044B936 /* SelectableWeekdayModel.swift */ = {isa = PBXFileReference; lastKnownFileType = sourcecode.swift; path = SelectableWeekdayModel.swift; sourceTree = "<group>"; };
		D31431BA208079D70044B936 /* SelectableWeekdayViewModel.swift */ = {isa = PBXFileReference; lastKnownFileType = sourcecode.swift; path = SelectableWeekdayViewModel.swift; sourceTree = "<group>"; };
		D31431BE20809A4A0044B936 /* MultiDaySelectionModel.swift */ = {isa = PBXFileReference; lastKnownFileType = sourcecode.swift; path = MultiDaySelectionModel.swift; sourceTree = "<group>"; };
		D31431C02080B1EF0044B936 /* SingleDaySelectionTest.swift */ = {isa = PBXFileReference; lastKnownFileType = sourcecode.swift; path = SingleDaySelectionTest.swift; sourceTree = "<group>"; };
		D31431C22080B4E70044B936 /* RootTest.swift */ = {isa = PBXFileReference; lastKnownFileType = sourcecode.swift; path = RootTest.swift; sourceTree = "<group>"; };
		D314670A207DFBEA00A6B186 /* MonthSectionModel.swift */ = {isa = PBXFileReference; lastKnownFileType = sourcecode.swift; path = MonthSectionModel.swift; sourceTree = "<group>"; };
		D314670C207E029A00A6B186 /* MonthSectionViewModel.swift */ = {isa = PBXFileReference; lastKnownFileType = sourcecode.swift; path = MonthSectionViewModel.swift; sourceTree = "<group>"; };
		D319C2BF207D9FE0005D1828 /* MonthHeader.xcassets */ = {isa = PBXFileReference; lastKnownFileType = folder.assetcatalog; path = MonthHeader.xcassets; sourceTree = "<group>"; };
		D319C2C2207DA50A005D1828 /* MonthSectionView.swift */ = {isa = PBXFileReference; lastKnownFileType = sourcecode.swift; path = MonthSectionView.swift; sourceTree = "<group>"; };
		D31C0428207D1649000C2C75 /* MonthControlViewModel.swift */ = {isa = PBXFileReference; lastKnownFileType = sourcecode.swift; path = MonthControlViewModel.swift; sourceTree = "<group>"; };
		D31C042A207D17C5000C2C75 /* MonthControlModel.swift */ = {isa = PBXFileReference; lastKnownFileType = sourcecode.swift; path = MonthControlModel.swift; sourceTree = "<group>"; };
		D31C042C207D1BA6000C2C75 /* DateCalculator.swift */ = {isa = PBXFileReference; lastKnownFileType = sourcecode.swift; path = DateCalculator.swift; sourceTree = "<group>"; };
		D31C042E207D2106000C2C75 /* SequentialDateCalculatorTest.swift */ = {isa = PBXFileReference; lastKnownFileType = sourcecode.swift; path = SequentialDateCalculatorTest.swift; sourceTree = "<group>"; };
		D31DA880207EF28800FB4355 /* SingleDaySelectionModel.swift */ = {isa = PBXFileReference; lastKnownFileType = sourcecode.swift; path = SingleDaySelectionModel.swift; sourceTree = "<group>"; };
		D31DA884207EF47E00FB4355 /* SingleDaySelectionViewModel.swift */ = {isa = PBXFileReference; lastKnownFileType = sourcecode.swift; path = SingleDaySelectionViewModel.swift; sourceTree = "<group>"; };
		D31DA888207F221B00FB4355 /* SingleDaySelectionFunctionality.swift */ = {isa = PBXFileReference; lastKnownFileType = sourcecode.swift; path = SingleDaySelectionFunctionality.swift; sourceTree = "<group>"; };
		D31DA88F207F5BB100FB4355 /* MonthGridViewModel.swift */ = {isa = PBXFileReference; lastKnownFileType = sourcecode.swift; path = MonthGridViewModel.swift; sourceTree = "<group>"; };
		D31DA891207F685C00FB4355 /* MonthGridModel.swift */ = {isa = PBXFileReference; lastKnownFileType = sourcecode.swift; path = MonthGridModel.swift; sourceTree = "<group>"; };
		D3B510A52080DEC100A2E8EF /* MonthControlTest.swift */ = {isa = PBXFileReference; lastKnownFileType = sourcecode.swift; path = MonthControlTest.swift; sourceTree = "<group>"; };
		D3D63C67207E49A700772F53 /* MonthSectionLayout.swift */ = {isa = PBXFileReference; lastKnownFileType = sourcecode.swift; path = MonthSectionLayout.swift; sourceTree = "<group>"; };
		D3DA6F97207C6CEE00A3DFE1 /* calendar99.framework */ = {isa = PBXFileReference; explicitFileType = wrapper.framework; includeInIndex = 0; path = calendar99.framework; sourceTree = BUILT_PRODUCTS_DIR; };
		D3DA6F9A207C6CEE00A3DFE1 /* calendar99.h */ = {isa = PBXFileReference; lastKnownFileType = sourcecode.c.h; path = calendar99.h; sourceTree = "<group>"; };
		D3DA6F9B207C6CEE00A3DFE1 /* Info.plist */ = {isa = PBXFileReference; lastKnownFileType = text.plist.xml; path = Info.plist; sourceTree = "<group>"; };
		D3DA6FA0207C6CEE00A3DFE1 /* calendar99Tests.xctest */ = {isa = PBXFileReference; explicitFileType = wrapper.cfbundle; includeInIndex = 0; path = calendar99Tests.xctest; sourceTree = BUILT_PRODUCTS_DIR; };
		D3DA6FA7207C6CEE00A3DFE1 /* Info.plist */ = {isa = PBXFileReference; lastKnownFileType = text.plist.xml; path = Info.plist; sourceTree = "<group>"; };
		D3DA6FB6207C6D2200A3DFE1 /* calendar99_logic.framework */ = {isa = PBXFileReference; explicitFileType = wrapper.framework; includeInIndex = 0; path = calendar99_logic.framework; sourceTree = BUILT_PRODUCTS_DIR; };
		D3DA6FB8207C6D2300A3DFE1 /* calendar99_logic.h */ = {isa = PBXFileReference; lastKnownFileType = sourcecode.c.h; path = calendar99_logic.h; sourceTree = "<group>"; };
		D3DA6FB9207C6D2300A3DFE1 /* Info.plist */ = {isa = PBXFileReference; lastKnownFileType = text.plist.xml; path = Info.plist; sourceTree = "<group>"; };
		D3DA6FBE207C6D2300A3DFE1 /* calendar99-logicTests.xctest */ = {isa = PBXFileReference; explicitFileType = wrapper.cfbundle; includeInIndex = 0; path = "calendar99-logicTests.xctest"; sourceTree = BUILT_PRODUCTS_DIR; };
		D3DA6FC5207C6D2300A3DFE1 /* Info.plist */ = {isa = PBXFileReference; lastKnownFileType = text.plist.xml; path = Info.plist; sourceTree = "<group>"; };
		D3DA6FCD207C6E7800A3DFE1 /* MonthHeaderViewModel.swift */ = {isa = PBXFileReference; lastKnownFileType = sourcecode.swift; path = MonthHeaderViewModel.swift; sourceTree = "<group>"; };
		D3DA6FCF207C6E7E00A3DFE1 /* MonthHeaderModel.swift */ = {isa = PBXFileReference; lastKnownFileType = sourcecode.swift; path = MonthHeaderModel.swift; sourceTree = "<group>"; };
		D3DA6FD3207C6EC700A3DFE1 /* Entry.swift */ = {isa = PBXFileReference; lastKnownFileType = sourcecode.swift; path = Entry.swift; sourceTree = "<group>"; };
		D3DA6FD5207C72D700A3DFE1 /* MonthView.swift */ = {isa = PBXFileReference; lastKnownFileType = sourcecode.swift; path = MonthView.swift; sourceTree = "<group>"; };
		D3DA6FD7207C735300A3DFE1 /* DateCell.swift */ = {isa = PBXFileReference; lastKnownFileType = sourcecode.swift; path = DateCell.swift; sourceTree = "<group>"; };
		D3DA6FDD207C739400A3DFE1 /* calendar99-demo.app */ = {isa = PBXFileReference; explicitFileType = wrapper.application; includeInIndex = 0; path = "calendar99-demo.app"; sourceTree = BUILT_PRODUCTS_DIR; };
		D3DA6FDF207C739400A3DFE1 /* AppDelegate.swift */ = {isa = PBXFileReference; lastKnownFileType = sourcecode.swift; path = AppDelegate.swift; sourceTree = "<group>"; };
		D3DA6FE1207C739400A3DFE1 /* ViewController.swift */ = {isa = PBXFileReference; lastKnownFileType = sourcecode.swift; path = ViewController.swift; sourceTree = "<group>"; };
		D3DA6FE4207C739400A3DFE1 /* Base */ = {isa = PBXFileReference; lastKnownFileType = file.storyboard; name = Base; path = Base.lproj/Main.storyboard; sourceTree = "<group>"; };
		D3DA6FE6207C739500A3DFE1 /* Assets.xcassets */ = {isa = PBXFileReference; lastKnownFileType = folder.assetcatalog; path = Assets.xcassets; sourceTree = "<group>"; };
		D3DA6FE9207C739500A3DFE1 /* Base */ = {isa = PBXFileReference; lastKnownFileType = file.storyboard; name = Base; path = Base.lproj/LaunchScreen.storyboard; sourceTree = "<group>"; };
		D3DA6FEB207C739500A3DFE1 /* Info.plist */ = {isa = PBXFileReference; lastKnownFileType = text.plist.xml; path = Info.plist; sourceTree = "<group>"; };
		D3DA700F207C805300A3DFE1 /* Entity.swift */ = {isa = PBXFileReference; lastKnownFileType = sourcecode.swift; path = Entity.swift; sourceTree = "<group>"; };
		D3DA7013207C868F00A3DFE1 /* MonthHeader.swift */ = {isa = PBXFileReference; lastKnownFileType = sourcecode.swift; path = MonthHeader.swift; sourceTree = "<group>"; };
		D3DA7015207C876300A3DFE1 /* Util.swift */ = {isa = PBXFileReference; lastKnownFileType = sourcecode.swift; path = Util.swift; sourceTree = "<group>"; };
		D3DA7024207C97F100A3DFE1 /* MonthCompTest.swift */ = {isa = PBXFileReference; lastKnownFileType = sourcecode.swift; path = MonthCompTest.swift; sourceTree = "<group>"; };
		D3DA7026207CA55300A3DFE1 /* DateCell.xib */ = {isa = PBXFileReference; lastKnownFileType = file.xib; path = DateCell.xib; sourceTree = "<group>"; };
		D3DA7028207CA98400A3DFE1 /* MonthHeader.xib */ = {isa = PBXFileReference; lastKnownFileType = file.xib; path = MonthHeader.xib; sourceTree = "<group>"; };
		D3DA702C207CBDE900A3DFE1 /* MonthDisplayModel.swift */ = {isa = PBXFileReference; lastKnownFileType = sourcecode.swift; path = MonthDisplayModel.swift; sourceTree = "<group>"; };
		D3DA702E207CBF3D00A3DFE1 /* MonthDisplayViewModel.swift */ = {isa = PBXFileReference; lastKnownFileType = sourcecode.swift; path = MonthDisplayViewModel.swift; sourceTree = "<group>"; };
		D938B372CAFDEAD5B7917D27 /* Pods_calendar99.framework */ = {isa = PBXFileReference; explicitFileType = wrapper.framework; includeInIndex = 0; path = Pods_calendar99.framework; sourceTree = BUILT_PRODUCTS_DIR; };
		F059406167C331B65DF17BCE /* Pods_calendar99_demo.framework */ = {isa = PBXFileReference; explicitFileType = wrapper.framework; includeInIndex = 0; path = Pods_calendar99_demo.framework; sourceTree = BUILT_PRODUCTS_DIR; };
/* End PBXFileReference section */

/* Begin PBXFrameworksBuildPhase section */
		D3DA6F93207C6CEE00A3DFE1 /* Frameworks */ = {
			isa = PBXFrameworksBuildPhase;
			buildActionMask = 2147483647;
			files = (
				D3DA7021207C8E2300A3DFE1 /* calendar99_logic.framework in Frameworks */,
				99EB1FCC7C144B9EC432DFCF /* Pods_calendar99.framework in Frameworks */,
			);
			runOnlyForDeploymentPostprocessing = 0;
		};
		D3DA6F9D207C6CEE00A3DFE1 /* Frameworks */ = {
			isa = PBXFrameworksBuildPhase;
			buildActionMask = 2147483647;
			files = (
				D3DA6FA1207C6CEE00A3DFE1 /* calendar99.framework in Frameworks */,
				E2DCBB123488442269125D97 /* Pods_calendar99Tests.framework in Frameworks */,
			);
			runOnlyForDeploymentPostprocessing = 0;
		};
		D3DA6FB2207C6D2200A3DFE1 /* Frameworks */ = {
			isa = PBXFrameworksBuildPhase;
			buildActionMask = 2147483647;
			files = (
				A9FC60253899F296B3E614F9 /* Pods_calendar99_logic.framework in Frameworks */,
			);
			runOnlyForDeploymentPostprocessing = 0;
		};
		D3DA6FBB207C6D2300A3DFE1 /* Frameworks */ = {
			isa = PBXFrameworksBuildPhase;
			buildActionMask = 2147483647;
			files = (
				D3DA6FBF207C6D2300A3DFE1 /* calendar99_logic.framework in Frameworks */,
				83D0879AD7148AD7B6ADF5F0 /* Pods_calendar99_logicTests.framework in Frameworks */,
			);
			runOnlyForDeploymentPostprocessing = 0;
		};
		D3DA6FDA207C739400A3DFE1 /* Frameworks */ = {
			isa = PBXFrameworksBuildPhase;
			buildActionMask = 2147483647;
			files = (
				D3DA701F207C8E0F00A3DFE1 /* calendar99_logic.framework in Frameworks */,
				D3DA7020207C8E0F00A3DFE1 /* calendar99.framework in Frameworks */,
				8B35A294FF4D72D4892DCE2F /* Pods_calendar99_demo.framework in Frameworks */,
			);
			runOnlyForDeploymentPostprocessing = 0;
		};
/* End PBXFrameworksBuildPhase section */

/* Begin PBXGroup section */
		22D3E06FB2537F8CA3585F6A /* Frameworks */ = {
			isa = PBXGroup;
			children = (
				D938B372CAFDEAD5B7917D27 /* Pods_calendar99.framework */,
				0824444065A1A7B969DBD579 /* Pods_calendar99Tests.framework */,
				9FA7759958763D8ADC1A0A33 /* Pods_calendar99_logic.framework */,
				F059406167C331B65DF17BCE /* Pods_calendar99_demo.framework */,
				C737F71F74B500EA998EB22F /* Pods_calendar99_logicTests.framework */,
			);
			name = Frameworks;
			sourceTree = "<group>";
		};
		D3136207207FBC860090263A /* DateCalculator */ = {
			isa = PBXGroup;
			children = (
				D31C042C207D1BA6000C2C75 /* DateCalculator.swift */,
				D3136208207FBC9E0090263A /* SequentialDateCalculator.swift */,
			);
			path = DateCalculator;
			sourceTree = "<group>";
		};
		D31431A420805CFB0044B936 /* WeekdayView */ = {
			isa = PBXGroup;
			children = (
				D31431A520805D150044B936 /* WeekdayView.swift */,
				D31431AF208068300044B936 /* WeekdayCell.swift */,
				D31431B12080684C0044B936 /* WeekdayCell.xib */,
			);
			path = WeekdayView;
			sourceTree = "<group>";
		};
		D31431A720805E790044B936 /* WeekdayAware */ = {
			isa = PBXGroup;
			children = (
				D31431A820805EA10044B936 /* WeekdayAwareViewModel.swift */,
			);
			path = WeekdayAware;
			sourceTree = "<group>";
		};
		D31431AA20805F610044B936 /* WeekdayDisplay */ = {
			isa = PBXGroup;
			children = (
				D31431B8208076FC0044B936 /* SelectableWeekdayModel.swift */,
				D31431BA208079D70044B936 /* SelectableWeekdayViewModel.swift */,
				D31431AD208062FB0044B936 /* WeekdayDisplayModel.swift */,
				D31431AB20805FD50044B936 /* WeekdayDisplayViewModel.swift */,
			);
			path = WeekdayDisplay;
			sourceTree = "<group>";
		};
		D31431B3208073AD0044B936 /* MonthAware */ = {
			isa = PBXGroup;
			children = (
				D31431B6208074150044B936 /* MonthAwareModel.swift */,
			);
			path = MonthAware;
			sourceTree = "<group>";
		};
		D3146709207DFBD800A6B186 /* MonthSection */ = {
			isa = PBXGroup;
			children = (
				D314670A207DFBEA00A6B186 /* MonthSectionModel.swift */,
				D314670C207E029A00A6B186 /* MonthSectionViewModel.swift */,
			);
			path = MonthSection;
			sourceTree = "<group>";
		};
		D319C2B3207D9E15005D1828 /* MonthHeader */ = {
			isa = PBXGroup;
			children = (
				D3DA7013207C868F00A3DFE1 /* MonthHeader.swift */,
				D319C2BF207D9FE0005D1828 /* MonthHeader.xcassets */,
				D3DA7028207CA98400A3DFE1 /* MonthHeader.xib */,
			);
			path = MonthHeader;
			sourceTree = "<group>";
		};
		D319C2B4207D9E20005D1828 /* MonthView */ = {
			isa = PBXGroup;
			children = (
				D3DA6FD5207C72D700A3DFE1 /* MonthView.swift */,
			);
			path = MonthView;
			sourceTree = "<group>";
		};
		D319C2B5207D9E2A005D1828 /* DateCell */ = {
			isa = PBXGroup;
			children = (
				D3DA6FD7207C735300A3DFE1 /* DateCell.swift */,
				D3DA7026207CA55300A3DFE1 /* DateCell.xib */,
			);
			path = DateCell;
			sourceTree = "<group>";
		};
		D319C2B6207D9E94005D1828 /* MonthControl */ = {
			isa = PBXGroup;
			children = (
				D31C042A207D17C5000C2C75 /* MonthControlModel.swift */,
				D31C0428207D1649000C2C75 /* MonthControlViewModel.swift */,
			);
			path = MonthControl;
			sourceTree = "<group>";
		};
		D319C2B7207D9E9B005D1828 /* MonthDisplay */ = {
			isa = PBXGroup;
			children = (
				D3DA702C207CBDE900A3DFE1 /* MonthDisplayModel.swift */,
				D3DA702E207CBF3D00A3DFE1 /* MonthDisplayViewModel.swift */,
			);
			path = MonthDisplay;
			sourceTree = "<group>";
		};
		D319C2B8207D9EA2005D1828 /* MonthHeader */ = {
			isa = PBXGroup;
			children = (
				D3DA6FCF207C6E7E00A3DFE1 /* MonthHeaderModel.swift */,
				D3DA6FCD207C6E7800A3DFE1 /* MonthHeaderViewModel.swift */,
			);
			path = MonthHeader;
			sourceTree = "<group>";
		};
		D319C2C1207DA4F9005D1828 /* MonthSectionView */ = {
			isa = PBXGroup;
			children = (
				D3D63C67207E49A700772F53 /* MonthSectionLayout.swift */,
				D319C2C2207DA50A005D1828 /* MonthSectionView.swift */,
			);
			path = MonthSectionView;
			sourceTree = "<group>";
		};
		D31DA87F207EF26F00FB4355 /* DaySelection */ = {
			isa = PBXGroup;
			children = (
				D31431BE20809A4A0044B936 /* MultiDaySelectionModel.swift */,
				D31DA888207F221B00FB4355 /* SingleDaySelectionFunctionality.swift */,
				D31DA880207EF28800FB4355 /* SingleDaySelectionModel.swift */,
				D31DA884207EF47E00FB4355 /* SingleDaySelectionViewModel.swift */,
			);
			path = DaySelection;
			sourceTree = "<group>";
		};
		D31DA88E207F5BA600FB4355 /* MonthGrid */ = {
			isa = PBXGroup;
			children = (
				D31DA891207F685C00FB4355 /* MonthGridModel.swift */,
				D31DA88F207F5BB100FB4355 /* MonthGridViewModel.swift */,
			);
			path = MonthGrid;
			sourceTree = "<group>";
		};
		D3DA6F8D207C6CEE00A3DFE1 = {
			isa = PBXGroup;
			children = (
				D31431A220805A240044B936 /* README.md */,
				D3DA6F99207C6CEE00A3DFE1 /* calendar99 */,
				D3DA6FDE207C739400A3DFE1 /* calendar99-demo */,
				D3DA6FB7207C6D2200A3DFE1 /* calendar99-logic */,
				D3DA6FC2207C6D2300A3DFE1 /* calendar99-logicTests */,
				D3DA6FA4207C6CEE00A3DFE1 /* calendar99Tests */,
				22D3E06FB2537F8CA3585F6A /* Frameworks */,
				FA6AC0D0F44373E29A575844 /* Pods */,
				D3DA6F98207C6CEE00A3DFE1 /* Products */,
			);
			sourceTree = "<group>";
		};
		D3DA6F98207C6CEE00A3DFE1 /* Products */ = {
			isa = PBXGroup;
			children = (
				D3DA6F97207C6CEE00A3DFE1 /* calendar99.framework */,
				D3DA6FA0207C6CEE00A3DFE1 /* calendar99Tests.xctest */,
				D3DA6FB6207C6D2200A3DFE1 /* calendar99_logic.framework */,
				D3DA6FBE207C6D2300A3DFE1 /* calendar99-logicTests.xctest */,
				D3DA6FDD207C739400A3DFE1 /* calendar99-demo.app */,
			);
			name = Products;
			sourceTree = "<group>";
		};
		D3DA6F99207C6CEE00A3DFE1 /* calendar99 */ = {
			isa = PBXGroup;
			children = (
				D3DA6F9A207C6CEE00A3DFE1 /* calendar99.h */,
				D3DA6F9B207C6CEE00A3DFE1 /* Info.plist */,
				D3DA7015207C876300A3DFE1 /* Util.swift */,
				D319C2B5207D9E2A005D1828 /* DateCell */,
				D319C2B3207D9E15005D1828 /* MonthHeader */,
				D319C2C1207DA4F9005D1828 /* MonthSectionView */,
				D319C2B4207D9E20005D1828 /* MonthView */,
				D31431A420805CFB0044B936 /* WeekdayView */,
			);
			path = calendar99;
			sourceTree = "<group>";
		};
		D3DA6FA4207C6CEE00A3DFE1 /* calendar99Tests */ = {
			isa = PBXGroup;
			children = (
				D3DA6FA7207C6CEE00A3DFE1 /* Info.plist */,
			);
			path = calendar99Tests;
			sourceTree = "<group>";
		};
		D3DA6FB7207C6D2200A3DFE1 /* calendar99-logic */ = {
			isa = PBXGroup;
			children = (
				D3DA6FB8207C6D2300A3DFE1 /* calendar99_logic.h */,
				D3DA6FB9207C6D2300A3DFE1 /* Info.plist */,
				D3DA700F207C805300A3DFE1 /* Entity.swift */,
				D3DA6FD3207C6EC700A3DFE1 /* Entry.swift */,
				D3136207207FBC860090263A /* DateCalculator */,
				D31DA87F207EF26F00FB4355 /* DaySelection */,
				D31431B3208073AD0044B936 /* MonthAware */,
				D319C2B6207D9E94005D1828 /* MonthControl */,
				D319C2B7207D9E9B005D1828 /* MonthDisplay */,
				D31DA88E207F5BA600FB4355 /* MonthGrid */,
				D319C2B8207D9EA2005D1828 /* MonthHeader */,
				D3146709207DFBD800A6B186 /* MonthSection */,
				D31431A720805E790044B936 /* WeekdayAware */,
				D31431AA20805F610044B936 /* WeekdayDisplay */,
			);
			path = "calendar99-logic";
			sourceTree = "<group>";
		};
		D3DA6FC2207C6D2300A3DFE1 /* calendar99-logicTests */ = {
			isa = PBXGroup;
			children = (
				D3DA6FC5207C6D2300A3DFE1 /* Info.plist */,
				D3DA7024207C97F100A3DFE1 /* MonthCompTest.swift */,
				D31C042E207D2106000C2C75 /* SequentialDateCalculatorTest.swift */,
				D31431C02080B1EF0044B936 /* SingleDaySelectionTest.swift */,
				D31431C22080B4E70044B936 /* RootTest.swift */,
				D3B510A52080DEC100A2E8EF /* MonthControlTest.swift */,
				D3140144208130930029BA0C /* MonthGridTest.swift */,
			);
			path = "calendar99-logicTests";
			sourceTree = "<group>";
		};
		D3DA6FDE207C739400A3DFE1 /* calendar99-demo */ = {
			isa = PBXGroup;
			children = (
				D3DA6FEB207C739500A3DFE1 /* Info.plist */,
				D3DA6FDF207C739400A3DFE1 /* AppDelegate.swift */,
				D3DA6FE1207C739400A3DFE1 /* ViewController.swift */,
				D3DA6FE6207C739500A3DFE1 /* Assets.xcassets */,
				D3DA6FE8207C739500A3DFE1 /* LaunchScreen.storyboard */,
				D3DA6FE3207C739400A3DFE1 /* Main.storyboard */,
			);
			path = "calendar99-demo";
			sourceTree = "<group>";
		};
		FA6AC0D0F44373E29A575844 /* Pods */ = {
			isa = PBXGroup;
			children = (
				3DAE1A73F092169DB91E2865 /* Pods-calendar99.debug.xcconfig */,
				48CDE88D6801E33CC237AF9E /* Pods-calendar99.release.xcconfig */,
				09DD075CBF6FAE8839ED6B85 /* Pods-calendar99Tests.debug.xcconfig */,
				2581178A4130BEE2B0114EB9 /* Pods-calendar99Tests.release.xcconfig */,
				CA2363311704BDDCFECB5053 /* Pods-calendar99-logic.debug.xcconfig */,
				320E00D12C0E1392AB73DE2E /* Pods-calendar99-logic.release.xcconfig */,
				7B3C8C28804A3AC4610AC5C0 /* Pods-calendar99-demo.debug.xcconfig */,
				04D74B116647242FC8CF08CA /* Pods-calendar99-demo.release.xcconfig */,
				2F64F57362BEB3E1164FB5BC /* Pods-calendar99-logicTests.debug.xcconfig */,
				B83FD4052FC070AEB5AC9F55 /* Pods-calendar99-logicTests.release.xcconfig */,
			);
			name = Pods;
			sourceTree = "<group>";
		};
/* End PBXGroup section */

/* Begin PBXHeadersBuildPhase section */
		D3DA6F94207C6CEE00A3DFE1 /* Headers */ = {
			isa = PBXHeadersBuildPhase;
			buildActionMask = 2147483647;
			files = (
				D3DA6FA8207C6CEE00A3DFE1 /* calendar99.h in Headers */,
			);
			runOnlyForDeploymentPostprocessing = 0;
		};
		D3DA6FB3207C6D2200A3DFE1 /* Headers */ = {
			isa = PBXHeadersBuildPhase;
			buildActionMask = 2147483647;
			files = (
				D3DA6FC6207C6D2300A3DFE1 /* calendar99_logic.h in Headers */,
			);
			runOnlyForDeploymentPostprocessing = 0;
		};
/* End PBXHeadersBuildPhase section */

/* Begin PBXNativeTarget section */
		D3DA6F96207C6CEE00A3DFE1 /* calendar99 */ = {
			isa = PBXNativeTarget;
			buildConfigurationList = D3DA6FAB207C6CEE00A3DFE1 /* Build configuration list for PBXNativeTarget "calendar99" */;
			buildPhases = (
				58C77F270B4F727853FCC613 /* [CP] Check Pods Manifest.lock */,
				D3DA6F92207C6CEE00A3DFE1 /* Sources */,
				D3DA6F93207C6CEE00A3DFE1 /* Frameworks */,
				D3DA6F94207C6CEE00A3DFE1 /* Headers */,
				D3DA6F95207C6CEE00A3DFE1 /* Resources */,
			);
			buildRules = (
			);
			dependencies = (
				D3DA7018207C8CB100A3DFE1 /* PBXTargetDependency */,
			);
			name = calendar99;
			productName = calendar99;
			productReference = D3DA6F97207C6CEE00A3DFE1 /* calendar99.framework */;
			productType = "com.apple.product-type.framework";
		};
		D3DA6F9F207C6CEE00A3DFE1 /* calendar99Tests */ = {
			isa = PBXNativeTarget;
			buildConfigurationList = D3DA6FAE207C6CEE00A3DFE1 /* Build configuration list for PBXNativeTarget "calendar99Tests" */;
			buildPhases = (
				7D9410E8A68611679F8B28C6 /* [CP] Check Pods Manifest.lock */,
				D3DA6F9C207C6CEE00A3DFE1 /* Sources */,
				D3DA6F9D207C6CEE00A3DFE1 /* Frameworks */,
				D3DA6F9E207C6CEE00A3DFE1 /* Resources */,
				6B7ED28AF0A4365762946819 /* [CP] Embed Pods Frameworks */,
			);
			buildRules = (
			);
			dependencies = (
				D3DA6FA3207C6CEE00A3DFE1 /* PBXTargetDependency */,
			);
			name = calendar99Tests;
			productName = calendar99Tests;
			productReference = D3DA6FA0207C6CEE00A3DFE1 /* calendar99Tests.xctest */;
			productType = "com.apple.product-type.bundle.unit-test";
		};
		D3DA6FB5207C6D2200A3DFE1 /* calendar99-logic */ = {
			isa = PBXNativeTarget;
			buildConfigurationList = D3DA6FCB207C6D2300A3DFE1 /* Build configuration list for PBXNativeTarget "calendar99-logic" */;
			buildPhases = (
				70238075EADD9EAF6C96C1F6 /* [CP] Check Pods Manifest.lock */,
				D3DA6FB1207C6D2200A3DFE1 /* Sources */,
				D3DA6FB2207C6D2200A3DFE1 /* Frameworks */,
				D3DA6FB3207C6D2200A3DFE1 /* Headers */,
				D3DA6FB4207C6D2200A3DFE1 /* Resources */,
			);
			buildRules = (
			);
			dependencies = (
			);
			name = "calendar99-logic";
			productName = "calendar99-logic";
			productReference = D3DA6FB6207C6D2200A3DFE1 /* calendar99_logic.framework */;
			productType = "com.apple.product-type.framework";
		};
		D3DA6FBD207C6D2300A3DFE1 /* calendar99-logicTests */ = {
			isa = PBXNativeTarget;
			buildConfigurationList = D3DA6FCC207C6D2300A3DFE1 /* Build configuration list for PBXNativeTarget "calendar99-logicTests" */;
			buildPhases = (
				3972FDE8DD6F578D3AE3455A /* [CP] Check Pods Manifest.lock */,
				D3DA6FBA207C6D2300A3DFE1 /* Sources */,
				D3DA6FBB207C6D2300A3DFE1 /* Frameworks */,
				D3DA6FBC207C6D2300A3DFE1 /* Resources */,
				6569FCA283576F57B6A2CEA0 /* [CP] Embed Pods Frameworks */,
			);
			buildRules = (
			);
			dependencies = (
				D3DA6FC1207C6D2300A3DFE1 /* PBXTargetDependency */,
			);
			name = "calendar99-logicTests";
			productName = "calendar99-logicTests";
			productReference = D3DA6FBE207C6D2300A3DFE1 /* calendar99-logicTests.xctest */;
			productType = "com.apple.product-type.bundle.unit-test";
		};
		D3DA6FDC207C739400A3DFE1 /* calendar99-demo */ = {
			isa = PBXNativeTarget;
			buildConfigurationList = D3DA7002207C739600A3DFE1 /* Build configuration list for PBXNativeTarget "calendar99-demo" */;
			buildPhases = (
				E748E96AC2B682DF1EABBC8B /* [CP] Check Pods Manifest.lock */,
				D3DA6FD9207C739400A3DFE1 /* Sources */,
				D3DA6FDA207C739400A3DFE1 /* Frameworks */,
				D3DA6FDB207C739400A3DFE1 /* Resources */,
				80009C8F262C3DB7B186164A /* [CP] Embed Pods Frameworks */,
			);
			buildRules = (
			);
			dependencies = (
				D3DA701C207C8E0A00A3DFE1 /* PBXTargetDependency */,
				D3DA701E207C8E0A00A3DFE1 /* PBXTargetDependency */,
			);
			name = "calendar99-demo";
			productName = "calendar99-demo";
			productReference = D3DA6FDD207C739400A3DFE1 /* calendar99-demo.app */;
			productType = "com.apple.product-type.application";
		};
/* End PBXNativeTarget section */

/* Begin PBXProject section */
		D3DA6F8E207C6CEE00A3DFE1 /* Project object */ = {
			isa = PBXProject;
			attributes = {
				LastSwiftUpdateCheck = 0930;
				LastUpgradeCheck = 0930;
				ORGANIZATIONNAME = "Hai Pham";
				TargetAttributes = {
					D3DA6F96207C6CEE00A3DFE1 = {
						CreatedOnToolsVersion = 9.3;
						LastSwiftMigration = 0930;
					};
					D3DA6F9F207C6CEE00A3DFE1 = {
						CreatedOnToolsVersion = 9.3;
					};
					D3DA6FB5207C6D2200A3DFE1 = {
						CreatedOnToolsVersion = 9.3;
						LastSwiftMigration = 0930;
					};
					D3DA6FBD207C6D2300A3DFE1 = {
						CreatedOnToolsVersion = 9.3;
						LastSwiftMigration = 0930;
					};
					D3DA6FDC207C739400A3DFE1 = {
						CreatedOnToolsVersion = 9.3;
					};
				};
			};
			buildConfigurationList = D3DA6F91207C6CEE00A3DFE1 /* Build configuration list for PBXProject "calendar99" */;
			compatibilityVersion = "Xcode 9.3";
			developmentRegion = en;
			hasScannedForEncodings = 0;
			knownRegions = (
				en,
				Base,
			);
			mainGroup = D3DA6F8D207C6CEE00A3DFE1;
			productRefGroup = D3DA6F98207C6CEE00A3DFE1 /* Products */;
			projectDirPath = "";
			projectRoot = "";
			targets = (
				D3DA6F96207C6CEE00A3DFE1 /* calendar99 */,
				D3DA6F9F207C6CEE00A3DFE1 /* calendar99Tests */,
				D3DA6FB5207C6D2200A3DFE1 /* calendar99-logic */,
				D3DA6FBD207C6D2300A3DFE1 /* calendar99-logicTests */,
				D3DA6FDC207C739400A3DFE1 /* calendar99-demo */,
			);
		};
/* End PBXProject section */

/* Begin PBXResourcesBuildPhase section */
		D3DA6F95207C6CEE00A3DFE1 /* Resources */ = {
			isa = PBXResourcesBuildPhase;
			buildActionMask = 2147483647;
			files = (
				D3DA7029207CA98400A3DFE1 /* MonthHeader.xib in Resources */,
				D319C2C0207D9FE0005D1828 /* MonthHeader.xcassets in Resources */,
				D31431B22080684C0044B936 /* WeekdayCell.xib in Resources */,
				D31431A320805A240044B936 /* README.md in Resources */,
				D3DA7027207CA55300A3DFE1 /* DateCell.xib in Resources */,
			);
			runOnlyForDeploymentPostprocessing = 0;
		};
		D3DA6F9E207C6CEE00A3DFE1 /* Resources */ = {
			isa = PBXResourcesBuildPhase;
			buildActionMask = 2147483647;
			files = (
			);
			runOnlyForDeploymentPostprocessing = 0;
		};
		D3DA6FB4207C6D2200A3DFE1 /* Resources */ = {
			isa = PBXResourcesBuildPhase;
			buildActionMask = 2147483647;
			files = (
			);
			runOnlyForDeploymentPostprocessing = 0;
		};
		D3DA6FBC207C6D2300A3DFE1 /* Resources */ = {
			isa = PBXResourcesBuildPhase;
			buildActionMask = 2147483647;
			files = (
			);
			runOnlyForDeploymentPostprocessing = 0;
		};
		D3DA6FDB207C739400A3DFE1 /* Resources */ = {
			isa = PBXResourcesBuildPhase;
			buildActionMask = 2147483647;
			files = (
				D3DA6FEA207C739500A3DFE1 /* LaunchScreen.storyboard in Resources */,
				D3DA6FE7207C739500A3DFE1 /* Assets.xcassets in Resources */,
				D3DA6FE5207C739400A3DFE1 /* Main.storyboard in Resources */,
			);
			runOnlyForDeploymentPostprocessing = 0;
		};
/* End PBXResourcesBuildPhase section */

/* Begin PBXShellScriptBuildPhase section */
		3972FDE8DD6F578D3AE3455A /* [CP] Check Pods Manifest.lock */ = {
			isa = PBXShellScriptBuildPhase;
			buildActionMask = 2147483647;
			files = (
			);
			inputPaths = (
				"${PODS_PODFILE_DIR_PATH}/Podfile.lock",
				"${PODS_ROOT}/Manifest.lock",
			);
			name = "[CP] Check Pods Manifest.lock";
			outputPaths = (
				"$(DERIVED_FILE_DIR)/Pods-calendar99-logicTests-checkManifestLockResult.txt",
			);
			runOnlyForDeploymentPostprocessing = 0;
			shellPath = /bin/sh;
			shellScript = "diff \"${PODS_PODFILE_DIR_PATH}/Podfile.lock\" \"${PODS_ROOT}/Manifest.lock\" > /dev/null\nif [ $? != 0 ] ; then\n    # print error to STDERR\n    echo \"error: The sandbox is not in sync with the Podfile.lock. Run 'pod install' or update your CocoaPods installation.\" >&2\n    exit 1\nfi\n# This output is used by Xcode 'outputs' to avoid re-running this script phase.\necho \"SUCCESS\" > \"${SCRIPT_OUTPUT_FILE_0}\"\n";
			showEnvVarsInLog = 0;
		};
		58C77F270B4F727853FCC613 /* [CP] Check Pods Manifest.lock */ = {
			isa = PBXShellScriptBuildPhase;
			buildActionMask = 2147483647;
			files = (
			);
			inputPaths = (
				"${PODS_PODFILE_DIR_PATH}/Podfile.lock",
				"${PODS_ROOT}/Manifest.lock",
			);
			name = "[CP] Check Pods Manifest.lock";
			outputPaths = (
				"$(DERIVED_FILE_DIR)/Pods-calendar99-checkManifestLockResult.txt",
			);
			runOnlyForDeploymentPostprocessing = 0;
			shellPath = /bin/sh;
			shellScript = "diff \"${PODS_PODFILE_DIR_PATH}/Podfile.lock\" \"${PODS_ROOT}/Manifest.lock\" > /dev/null\nif [ $? != 0 ] ; then\n    # print error to STDERR\n    echo \"error: The sandbox is not in sync with the Podfile.lock. Run 'pod install' or update your CocoaPods installation.\" >&2\n    exit 1\nfi\n# This output is used by Xcode 'outputs' to avoid re-running this script phase.\necho \"SUCCESS\" > \"${SCRIPT_OUTPUT_FILE_0}\"\n";
			showEnvVarsInLog = 0;
		};
		6569FCA283576F57B6A2CEA0 /* [CP] Embed Pods Frameworks */ = {
			isa = PBXShellScriptBuildPhase;
			buildActionMask = 2147483647;
			files = (
			);
			inputPaths = (
				"${SRCROOT}/Pods/Target Support Files/Pods-calendar99-logicTests/Pods-calendar99-logicTests-frameworks.sh",
				"${BUILT_PRODUCTS_DIR}/RxCocoa/RxCocoa.framework",
				"${BUILT_PRODUCTS_DIR}/RxSwift/RxSwift.framework",
				"${BUILT_PRODUCTS_DIR}/SwiftFP/SwiftFP.framework",
				"${BUILT_PRODUCTS_DIR}/RxBlocking/RxBlocking.framework",
				"${BUILT_PRODUCTS_DIR}/RxTest/RxTest.framework",
				"${BUILT_PRODUCTS_DIR}/SwiftUtilities/SwiftUtilities.framework",
				"${BUILT_PRODUCTS_DIR}/SwiftUtilitiesTests/SwiftUtilitiesTests.framework",
				"${BUILT_PRODUCTS_DIR}/SwiftFP-Main/SwiftFP.framework",
			);
			name = "[CP] Embed Pods Frameworks";
			outputPaths = (
				"${TARGET_BUILD_DIR}/${FRAMEWORKS_FOLDER_PATH}/RxCocoa.framework",
				"${TARGET_BUILD_DIR}/${FRAMEWORKS_FOLDER_PATH}/RxSwift.framework",
				"${TARGET_BUILD_DIR}/${FRAMEWORKS_FOLDER_PATH}/SwiftFP.framework",
				"${TARGET_BUILD_DIR}/${FRAMEWORKS_FOLDER_PATH}/RxBlocking.framework",
				"${TARGET_BUILD_DIR}/${FRAMEWORKS_FOLDER_PATH}/RxTest.framework",
				"${TARGET_BUILD_DIR}/${FRAMEWORKS_FOLDER_PATH}/SwiftUtilities.framework",
				"${TARGET_BUILD_DIR}/${FRAMEWORKS_FOLDER_PATH}/SwiftUtilitiesTests.framework",
			);
			runOnlyForDeploymentPostprocessing = 0;
			shellPath = /bin/sh;
			shellScript = "\"${SRCROOT}/Pods/Target Support Files/Pods-calendar99-logicTests/Pods-calendar99-logicTests-frameworks.sh\"\n";
			showEnvVarsInLog = 0;
		};
		6B7ED28AF0A4365762946819 /* [CP] Embed Pods Frameworks */ = {
			isa = PBXShellScriptBuildPhase;
			buildActionMask = 2147483647;
			files = (
			);
			inputPaths = (
				"${SRCROOT}/Pods/Target Support Files/Pods-calendar99Tests/Pods-calendar99Tests-frameworks.sh",
				"${BUILT_PRODUCTS_DIR}/Differentiator/Differentiator.framework",
				"${BUILT_PRODUCTS_DIR}/RxCocoa/RxCocoa.framework",
				"${BUILT_PRODUCTS_DIR}/RxDataSources/RxDataSources.framework",
				"${BUILT_PRODUCTS_DIR}/RxSwift/RxSwift.framework",
				"${BUILT_PRODUCTS_DIR}/SwiftFP-Main/SwiftFP.framework",
			);
			name = "[CP] Embed Pods Frameworks";
			outputPaths = (
				"${TARGET_BUILD_DIR}/${FRAMEWORKS_FOLDER_PATH}/Differentiator.framework",
				"${TARGET_BUILD_DIR}/${FRAMEWORKS_FOLDER_PATH}/RxCocoa.framework",
				"${TARGET_BUILD_DIR}/${FRAMEWORKS_FOLDER_PATH}/RxDataSources.framework",
				"${TARGET_BUILD_DIR}/${FRAMEWORKS_FOLDER_PATH}/RxSwift.framework",
				"${TARGET_BUILD_DIR}/${FRAMEWORKS_FOLDER_PATH}/SwiftFP.framework",
			);
			runOnlyForDeploymentPostprocessing = 0;
			shellPath = /bin/sh;
			shellScript = "\"${SRCROOT}/Pods/Target Support Files/Pods-calendar99Tests/Pods-calendar99Tests-frameworks.sh\"\n";
			showEnvVarsInLog = 0;
		};
		70238075EADD9EAF6C96C1F6 /* [CP] Check Pods Manifest.lock */ = {
			isa = PBXShellScriptBuildPhase;
			buildActionMask = 2147483647;
			files = (
			);
			inputPaths = (
				"${PODS_PODFILE_DIR_PATH}/Podfile.lock",
				"${PODS_ROOT}/Manifest.lock",
			);
			name = "[CP] Check Pods Manifest.lock";
			outputPaths = (
				"$(DERIVED_FILE_DIR)/Pods-calendar99-logic-checkManifestLockResult.txt",
			);
			runOnlyForDeploymentPostprocessing = 0;
			shellPath = /bin/sh;
			shellScript = "diff \"${PODS_PODFILE_DIR_PATH}/Podfile.lock\" \"${PODS_ROOT}/Manifest.lock\" > /dev/null\nif [ $? != 0 ] ; then\n    # print error to STDERR\n    echo \"error: The sandbox is not in sync with the Podfile.lock. Run 'pod install' or update your CocoaPods installation.\" >&2\n    exit 1\nfi\n# This output is used by Xcode 'outputs' to avoid re-running this script phase.\necho \"SUCCESS\" > \"${SCRIPT_OUTPUT_FILE_0}\"\n";
			showEnvVarsInLog = 0;
		};
		7D9410E8A68611679F8B28C6 /* [CP] Check Pods Manifest.lock */ = {
			isa = PBXShellScriptBuildPhase;
			buildActionMask = 2147483647;
			files = (
			);
			inputPaths = (
				"${PODS_PODFILE_DIR_PATH}/Podfile.lock",
				"${PODS_ROOT}/Manifest.lock",
			);
			name = "[CP] Check Pods Manifest.lock";
			outputPaths = (
				"$(DERIVED_FILE_DIR)/Pods-calendar99Tests-checkManifestLockResult.txt",
			);
			runOnlyForDeploymentPostprocessing = 0;
			shellPath = /bin/sh;
			shellScript = "diff \"${PODS_PODFILE_DIR_PATH}/Podfile.lock\" \"${PODS_ROOT}/Manifest.lock\" > /dev/null\nif [ $? != 0 ] ; then\n    # print error to STDERR\n    echo \"error: The sandbox is not in sync with the Podfile.lock. Run 'pod install' or update your CocoaPods installation.\" >&2\n    exit 1\nfi\n# This output is used by Xcode 'outputs' to avoid re-running this script phase.\necho \"SUCCESS\" > \"${SCRIPT_OUTPUT_FILE_0}\"\n";
			showEnvVarsInLog = 0;
		};
		80009C8F262C3DB7B186164A /* [CP] Embed Pods Frameworks */ = {
			isa = PBXShellScriptBuildPhase;
			buildActionMask = 2147483647;
			files = (
			);
			inputPaths = (
				"${SRCROOT}/Pods/Target Support Files/Pods-calendar99-demo/Pods-calendar99-demo-frameworks.sh",
				"${BUILT_PRODUCTS_DIR}/Differentiator/Differentiator.framework",
				"${BUILT_PRODUCTS_DIR}/RxCocoa/RxCocoa.framework",
				"${BUILT_PRODUCTS_DIR}/RxDataSources/RxDataSources.framework",
				"${BUILT_PRODUCTS_DIR}/RxSwift/RxSwift.framework",
				"${BUILT_PRODUCTS_DIR}/SwiftFP-Main/SwiftFP.framework",
			);
			name = "[CP] Embed Pods Frameworks";
			outputPaths = (
				"${TARGET_BUILD_DIR}/${FRAMEWORKS_FOLDER_PATH}/Differentiator.framework",
				"${TARGET_BUILD_DIR}/${FRAMEWORKS_FOLDER_PATH}/RxCocoa.framework",
				"${TARGET_BUILD_DIR}/${FRAMEWORKS_FOLDER_PATH}/RxDataSources.framework",
				"${TARGET_BUILD_DIR}/${FRAMEWORKS_FOLDER_PATH}/RxSwift.framework",
				"${TARGET_BUILD_DIR}/${FRAMEWORKS_FOLDER_PATH}/SwiftFP.framework",
			);
			runOnlyForDeploymentPostprocessing = 0;
			shellPath = /bin/sh;
			shellScript = "\"${SRCROOT}/Pods/Target Support Files/Pods-calendar99-demo/Pods-calendar99-demo-frameworks.sh\"\n";
			showEnvVarsInLog = 0;
		};
		E748E96AC2B682DF1EABBC8B /* [CP] Check Pods Manifest.lock */ = {
			isa = PBXShellScriptBuildPhase;
			buildActionMask = 2147483647;
			files = (
			);
			inputPaths = (
				"${PODS_PODFILE_DIR_PATH}/Podfile.lock",
				"${PODS_ROOT}/Manifest.lock",
			);
			name = "[CP] Check Pods Manifest.lock";
			outputPaths = (
				"$(DERIVED_FILE_DIR)/Pods-calendar99-demo-checkManifestLockResult.txt",
			);
			runOnlyForDeploymentPostprocessing = 0;
			shellPath = /bin/sh;
			shellScript = "diff \"${PODS_PODFILE_DIR_PATH}/Podfile.lock\" \"${PODS_ROOT}/Manifest.lock\" > /dev/null\nif [ $? != 0 ] ; then\n    # print error to STDERR\n    echo \"error: The sandbox is not in sync with the Podfile.lock. Run 'pod install' or update your CocoaPods installation.\" >&2\n    exit 1\nfi\n# This output is used by Xcode 'outputs' to avoid re-running this script phase.\necho \"SUCCESS\" > \"${SCRIPT_OUTPUT_FILE_0}\"\n";
			showEnvVarsInLog = 0;
		};
/* End PBXShellScriptBuildPhase section */

/* Begin PBXSourcesBuildPhase section */
		D3DA6F92207C6CEE00A3DFE1 /* Sources */ = {
			isa = PBXSourcesBuildPhase;
			buildActionMask = 2147483647;
			files = (
				D3DA6FD6207C72D700A3DFE1 /* MonthView.swift in Sources */,
				D31431A620805D150044B936 /* WeekdayView.swift in Sources */,
				D3DA7014207C868F00A3DFE1 /* MonthHeader.swift in Sources */,
				D319C2C3207DA50A005D1828 /* MonthSectionView.swift in Sources */,
				D3DA6FD8207C735300A3DFE1 /* DateCell.swift in Sources */,
				D3D63C68207E49A700772F53 /* MonthSectionLayout.swift in Sources */,
				D31431B0208068300044B936 /* WeekdayCell.swift in Sources */,
				D3DA7016207C876300A3DFE1 /* Util.swift in Sources */,
			);
			runOnlyForDeploymentPostprocessing = 0;
		};
		D3DA6F9C207C6CEE00A3DFE1 /* Sources */ = {
			isa = PBXSourcesBuildPhase;
			buildActionMask = 2147483647;
			files = (
			);
			runOnlyForDeploymentPostprocessing = 0;
		};
		D3DA6FB1207C6D2200A3DFE1 /* Sources */ = {
			isa = PBXSourcesBuildPhase;
			buildActionMask = 2147483647;
			files = (
				D31431AC20805FD50044B936 /* WeekdayDisplayViewModel.swift in Sources */,
				D31DA881207EF28800FB4355 /* SingleDaySelectionModel.swift in Sources */,
				D31431BB208079D70044B936 /* SelectableWeekdayViewModel.swift in Sources */,
				D31DA892207F685C00FB4355 /* MonthGridModel.swift in Sources */,
				D3DA6FD4207C6EC700A3DFE1 /* Entry.swift in Sources */,
				D31C042D207D1BA6000C2C75 /* DateCalculator.swift in Sources */,
				D314670B207DFBEA00A6B186 /* MonthSectionModel.swift in Sources */,
				D31DA885207EF47E00FB4355 /* SingleDaySelectionViewModel.swift in Sources */,
				D31DA889207F221B00FB4355 /* SingleDaySelectionFunctionality.swift in Sources */,
				D3136209207FBC9E0090263A /* SequentialDateCalculator.swift in Sources */,
				D3DA702D207CBDE900A3DFE1 /* MonthDisplayModel.swift in Sources */,
				D31431BF20809A4A0044B936 /* MultiDaySelectionModel.swift in Sources */,
				D31431B7208074150044B936 /* MonthAwareModel.swift in Sources */,
				D3DA7010207C805300A3DFE1 /* Entity.swift in Sources */,
				D31431AE208062FB0044B936 /* WeekdayDisplayModel.swift in Sources */,
				D31C042B207D17C5000C2C75 /* MonthControlModel.swift in Sources */,
				D31431A920805EA10044B936 /* WeekdayAwareViewModel.swift in Sources */,
				D3DA6FCE207C6E7800A3DFE1 /* MonthHeaderViewModel.swift in Sources */,
				D31431B9208076FC0044B936 /* SelectableWeekdayModel.swift in Sources */,
				D31DA890207F5BB100FB4355 /* MonthGridViewModel.swift in Sources */,
				D31C0429207D1649000C2C75 /* MonthControlViewModel.swift in Sources */,
				D314670D207E029A00A6B186 /* MonthSectionViewModel.swift in Sources */,
				D3DA6FD0207C6E7E00A3DFE1 /* MonthHeaderModel.swift in Sources */,
				D3DA702F207CBF3D00A3DFE1 /* MonthDisplayViewModel.swift in Sources */,
			);
			runOnlyForDeploymentPostprocessing = 0;
		};
		D3DA6FBA207C6D2300A3DFE1 /* Sources */ = {
			isa = PBXSourcesBuildPhase;
			buildActionMask = 2147483647;
			files = (
				D3140145208130930029BA0C /* MonthGridTest.swift in Sources */,
				D31431C12080B1EF0044B936 /* SingleDaySelectionTest.swift in Sources */,
				D31431C32080B4E70044B936 /* RootTest.swift in Sources */,
				D3DA7025207C97F100A3DFE1 /* MonthCompTest.swift in Sources */,
				D31C042F207D2106000C2C75 /* SequentialDateCalculatorTest.swift in Sources */,
				D3B510A62080DEC100A2E8EF /* MonthControlTest.swift in Sources */,
			);
			runOnlyForDeploymentPostprocessing = 0;
		};
		D3DA6FD9207C739400A3DFE1 /* Sources */ = {
			isa = PBXSourcesBuildPhase;
			buildActionMask = 2147483647;
			files = (
				D3DA6FE2207C739400A3DFE1 /* ViewController.swift in Sources */,
				D3DA6FE0207C739400A3DFE1 /* AppDelegate.swift in Sources */,
			);
			runOnlyForDeploymentPostprocessing = 0;
		};
/* End PBXSourcesBuildPhase section */

/* Begin PBXTargetDependency section */
		D3DA6FA3207C6CEE00A3DFE1 /* PBXTargetDependency */ = {
			isa = PBXTargetDependency;
			target = D3DA6F96207C6CEE00A3DFE1 /* calendar99 */;
			targetProxy = D3DA6FA2207C6CEE00A3DFE1 /* PBXContainerItemProxy */;
		};
		D3DA6FC1207C6D2300A3DFE1 /* PBXTargetDependency */ = {
			isa = PBXTargetDependency;
			target = D3DA6FB5207C6D2200A3DFE1 /* calendar99-logic */;
			targetProxy = D3DA6FC0207C6D2300A3DFE1 /* PBXContainerItemProxy */;
		};
		D3DA7018207C8CB100A3DFE1 /* PBXTargetDependency */ = {
			isa = PBXTargetDependency;
			target = D3DA6FB5207C6D2200A3DFE1 /* calendar99-logic */;
			targetProxy = D3DA7017207C8CB100A3DFE1 /* PBXContainerItemProxy */;
		};
		D3DA701C207C8E0A00A3DFE1 /* PBXTargetDependency */ = {
			isa = PBXTargetDependency;
			target = D3DA6F96207C6CEE00A3DFE1 /* calendar99 */;
			targetProxy = D3DA701B207C8E0A00A3DFE1 /* PBXContainerItemProxy */;
		};
		D3DA701E207C8E0A00A3DFE1 /* PBXTargetDependency */ = {
			isa = PBXTargetDependency;
			target = D3DA6FB5207C6D2200A3DFE1 /* calendar99-logic */;
			targetProxy = D3DA701D207C8E0A00A3DFE1 /* PBXContainerItemProxy */;
		};
/* End PBXTargetDependency section */

/* Begin PBXVariantGroup section */
		D3DA6FE3207C739400A3DFE1 /* Main.storyboard */ = {
			isa = PBXVariantGroup;
			children = (
				D3DA6FE4207C739400A3DFE1 /* Base */,
			);
			name = Main.storyboard;
			sourceTree = "<group>";
		};
		D3DA6FE8207C739500A3DFE1 /* LaunchScreen.storyboard */ = {
			isa = PBXVariantGroup;
			children = (
				D3DA6FE9207C739500A3DFE1 /* Base */,
			);
			name = LaunchScreen.storyboard;
			sourceTree = "<group>";
		};
/* End PBXVariantGroup section */

/* Begin XCBuildConfiguration section */
		D3DA6FA9207C6CEE00A3DFE1 /* Debug */ = {
			isa = XCBuildConfiguration;
			buildSettings = {
				ALWAYS_SEARCH_USER_PATHS = NO;
				CLANG_ANALYZER_NONNULL = YES;
				CLANG_ANALYZER_NUMBER_OBJECT_CONVERSION = YES_AGGRESSIVE;
				CLANG_CXX_LANGUAGE_STANDARD = "gnu++14";
				CLANG_CXX_LIBRARY = "libc++";
				CLANG_ENABLE_MODULES = YES;
				CLANG_ENABLE_OBJC_ARC = YES;
				CLANG_ENABLE_OBJC_WEAK = YES;
				CLANG_WARN_BLOCK_CAPTURE_AUTORELEASING = YES;
				CLANG_WARN_BOOL_CONVERSION = YES;
				CLANG_WARN_COMMA = YES;
				CLANG_WARN_CONSTANT_CONVERSION = YES;
				CLANG_WARN_DEPRECATED_OBJC_IMPLEMENTATIONS = YES;
				CLANG_WARN_DIRECT_OBJC_ISA_USAGE = YES_ERROR;
				CLANG_WARN_DOCUMENTATION_COMMENTS = YES;
				CLANG_WARN_EMPTY_BODY = YES;
				CLANG_WARN_ENUM_CONVERSION = YES;
				CLANG_WARN_INFINITE_RECURSION = YES;
				CLANG_WARN_INT_CONVERSION = YES;
				CLANG_WARN_NON_LITERAL_NULL_CONVERSION = YES;
				CLANG_WARN_OBJC_IMPLICIT_RETAIN_SELF = YES;
				CLANG_WARN_OBJC_LITERAL_CONVERSION = YES;
				CLANG_WARN_OBJC_ROOT_CLASS = YES_ERROR;
				CLANG_WARN_RANGE_LOOP_ANALYSIS = YES;
				CLANG_WARN_STRICT_PROTOTYPES = YES;
				CLANG_WARN_SUSPICIOUS_MOVE = YES;
				CLANG_WARN_UNGUARDED_AVAILABILITY = YES_AGGRESSIVE;
				CLANG_WARN_UNREACHABLE_CODE = YES;
				CLANG_WARN__DUPLICATE_METHOD_MATCH = YES;
				CODE_SIGN_IDENTITY = "iPhone Developer";
				COPY_PHASE_STRIP = NO;
				CURRENT_PROJECT_VERSION = 1;
				DEBUG_INFORMATION_FORMAT = dwarf;
				ENABLE_STRICT_OBJC_MSGSEND = YES;
				ENABLE_TESTABILITY = YES;
				GCC_C_LANGUAGE_STANDARD = gnu11;
				GCC_DYNAMIC_NO_PIC = NO;
				GCC_GENERATE_TEST_COVERAGE_FILES = YES;
				GCC_INSTRUMENT_PROGRAM_FLOW_ARCS = YES;
				GCC_NO_COMMON_BLOCKS = YES;
				GCC_OPTIMIZATION_LEVEL = 0;
				GCC_PREPROCESSOR_DEFINITIONS = (
					"DEBUG=1",
					"$(inherited)",
				);
				GCC_WARN_64_TO_32_BIT_CONVERSION = YES;
				GCC_WARN_ABOUT_RETURN_TYPE = YES_ERROR;
				GCC_WARN_UNDECLARED_SELECTOR = YES;
				GCC_WARN_UNINITIALIZED_AUTOS = YES_AGGRESSIVE;
				GCC_WARN_UNUSED_FUNCTION = YES;
				GCC_WARN_UNUSED_VARIABLE = YES;
				IPHONEOS_DEPLOYMENT_TARGET = 9.0;
				MTL_ENABLE_DEBUG_INFO = YES;
				ONLY_ACTIVE_ARCH = YES;
				SDKROOT = iphoneos;
				SWIFT_ACTIVE_COMPILATION_CONDITIONS = DEBUG;
				SWIFT_OPTIMIZATION_LEVEL = "-Onone";
				SWIFT_VERSION = 3.0;
				VERSIONING_SYSTEM = "apple-generic";
				VERSION_INFO_PREFIX = "";
			};
			name = Debug;
		};
		D3DA6FAA207C6CEE00A3DFE1 /* Release */ = {
			isa = XCBuildConfiguration;
			buildSettings = {
				ALWAYS_SEARCH_USER_PATHS = NO;
				CLANG_ANALYZER_NONNULL = YES;
				CLANG_ANALYZER_NUMBER_OBJECT_CONVERSION = YES_AGGRESSIVE;
				CLANG_CXX_LANGUAGE_STANDARD = "gnu++14";
				CLANG_CXX_LIBRARY = "libc++";
				CLANG_ENABLE_MODULES = YES;
				CLANG_ENABLE_OBJC_ARC = YES;
				CLANG_ENABLE_OBJC_WEAK = YES;
				CLANG_WARN_BLOCK_CAPTURE_AUTORELEASING = YES;
				CLANG_WARN_BOOL_CONVERSION = YES;
				CLANG_WARN_COMMA = YES;
				CLANG_WARN_CONSTANT_CONVERSION = YES;
				CLANG_WARN_DEPRECATED_OBJC_IMPLEMENTATIONS = YES;
				CLANG_WARN_DIRECT_OBJC_ISA_USAGE = YES_ERROR;
				CLANG_WARN_DOCUMENTATION_COMMENTS = YES;
				CLANG_WARN_EMPTY_BODY = YES;
				CLANG_WARN_ENUM_CONVERSION = YES;
				CLANG_WARN_INFINITE_RECURSION = YES;
				CLANG_WARN_INT_CONVERSION = YES;
				CLANG_WARN_NON_LITERAL_NULL_CONVERSION = YES;
				CLANG_WARN_OBJC_IMPLICIT_RETAIN_SELF = YES;
				CLANG_WARN_OBJC_LITERAL_CONVERSION = YES;
				CLANG_WARN_OBJC_ROOT_CLASS = YES_ERROR;
				CLANG_WARN_RANGE_LOOP_ANALYSIS = YES;
				CLANG_WARN_STRICT_PROTOTYPES = YES;
				CLANG_WARN_SUSPICIOUS_MOVE = YES;
				CLANG_WARN_UNGUARDED_AVAILABILITY = YES_AGGRESSIVE;
				CLANG_WARN_UNREACHABLE_CODE = YES;
				CLANG_WARN__DUPLICATE_METHOD_MATCH = YES;
				CODE_SIGN_IDENTITY = "iPhone Developer";
				COPY_PHASE_STRIP = NO;
				CURRENT_PROJECT_VERSION = 1;
				DEBUG_INFORMATION_FORMAT = "dwarf-with-dsym";
				ENABLE_NS_ASSERTIONS = NO;
				ENABLE_STRICT_OBJC_MSGSEND = YES;
				GCC_C_LANGUAGE_STANDARD = gnu11;
				GCC_GENERATE_TEST_COVERAGE_FILES = YES;
				GCC_INSTRUMENT_PROGRAM_FLOW_ARCS = YES;
				GCC_NO_COMMON_BLOCKS = YES;
				GCC_WARN_64_TO_32_BIT_CONVERSION = YES;
				GCC_WARN_ABOUT_RETURN_TYPE = YES_ERROR;
				GCC_WARN_UNDECLARED_SELECTOR = YES;
				GCC_WARN_UNINITIALIZED_AUTOS = YES_AGGRESSIVE;
				GCC_WARN_UNUSED_FUNCTION = YES;
				GCC_WARN_UNUSED_VARIABLE = YES;
				IPHONEOS_DEPLOYMENT_TARGET = 9.0;
				MTL_ENABLE_DEBUG_INFO = NO;
				SDKROOT = iphoneos;
				SWIFT_COMPILATION_MODE = wholemodule;
				SWIFT_OPTIMIZATION_LEVEL = "-O";
				SWIFT_VERSION = 3.0;
				VALIDATE_PRODUCT = YES;
				VERSIONING_SYSTEM = "apple-generic";
				VERSION_INFO_PREFIX = "";
			};
			name = Release;
		};
		D3DA6FAC207C6CEE00A3DFE1 /* Debug */ = {
			isa = XCBuildConfiguration;
			baseConfigurationReference = 3DAE1A73F092169DB91E2865 /* Pods-calendar99.debug.xcconfig */;
			buildSettings = {
				CLANG_ENABLE_MODULES = YES;
				CODE_SIGN_IDENTITY = "";
				CODE_SIGN_STYLE = Automatic;
				DEFINES_MODULE = YES;
				DEVELOPMENT_TEAM = 5FF785XRZ6;
				DYLIB_COMPATIBILITY_VERSION = 1;
				DYLIB_CURRENT_VERSION = 1;
				DYLIB_INSTALL_NAME_BASE = "@rpath";
				GCC_GENERATE_TEST_COVERAGE_FILES = YES;
				INFOPLIST_FILE = calendar99/Info.plist;
				INSTALL_PATH = "$(LOCAL_LIBRARY_DIR)/Frameworks";
				LD_RUNPATH_SEARCH_PATHS = (
					"$(inherited)",
					"@executable_path/Frameworks",
					"@loader_path/Frameworks",
				);
				PRODUCT_BUNDLE_IDENTIFIER = org.swiften.calendar99;
				PRODUCT_NAME = "$(TARGET_NAME:c99extidentifier)";
				SKIP_INSTALL = YES;
				SWIFT_OPTIMIZATION_LEVEL = "-Onone";
				SWIFT_VERSION = 3.0;
				TARGETED_DEVICE_FAMILY = "1,2";
			};
			name = Debug;
		};
		D3DA6FAD207C6CEE00A3DFE1 /* Release */ = {
			isa = XCBuildConfiguration;
			baseConfigurationReference = 48CDE88D6801E33CC237AF9E /* Pods-calendar99.release.xcconfig */;
			buildSettings = {
				CLANG_ENABLE_MODULES = YES;
				CODE_SIGN_IDENTITY = "";
				CODE_SIGN_STYLE = Automatic;
				DEFINES_MODULE = YES;
				DEVELOPMENT_TEAM = 5FF785XRZ6;
				DYLIB_COMPATIBILITY_VERSION = 1;
				DYLIB_CURRENT_VERSION = 1;
				DYLIB_INSTALL_NAME_BASE = "@rpath";
				GCC_GENERATE_TEST_COVERAGE_FILES = YES;
				INFOPLIST_FILE = calendar99/Info.plist;
				INSTALL_PATH = "$(LOCAL_LIBRARY_DIR)/Frameworks";
				LD_RUNPATH_SEARCH_PATHS = (
					"$(inherited)",
					"@executable_path/Frameworks",
					"@loader_path/Frameworks",
				);
				PRODUCT_BUNDLE_IDENTIFIER = org.swiften.calendar99;
				PRODUCT_NAME = "$(TARGET_NAME:c99extidentifier)";
				SKIP_INSTALL = YES;
				SWIFT_VERSION = 3.0;
				TARGETED_DEVICE_FAMILY = "1,2";
			};
			name = Release;
		};
		D3DA6FAF207C6CEE00A3DFE1 /* Debug */ = {
			isa = XCBuildConfiguration;
			baseConfigurationReference = 09DD075CBF6FAE8839ED6B85 /* Pods-calendar99Tests.debug.xcconfig */;
			buildSettings = {
				ALWAYS_EMBED_SWIFT_STANDARD_LIBRARIES = YES;
				CODE_SIGN_STYLE = Automatic;
				DEVELOPMENT_TEAM = 5FF785XRZ6;
				GCC_GENERATE_TEST_COVERAGE_FILES = YES;
				INFOPLIST_FILE = calendar99Tests/Info.plist;
				LD_RUNPATH_SEARCH_PATHS = (
					"$(inherited)",
					"@executable_path/Frameworks",
					"@loader_path/Frameworks",
				);
				PRODUCT_BUNDLE_IDENTIFIER = org.swiften.calendar99Tests;
				PRODUCT_NAME = "$(TARGET_NAME)";
				SWIFT_VERSION = 3.0;
				TARGETED_DEVICE_FAMILY = "1,2";
			};
			name = Debug;
		};
		D3DA6FB0207C6CEE00A3DFE1 /* Release */ = {
			isa = XCBuildConfiguration;
			baseConfigurationReference = 2581178A4130BEE2B0114EB9 /* Pods-calendar99Tests.release.xcconfig */;
			buildSettings = {
				ALWAYS_EMBED_SWIFT_STANDARD_LIBRARIES = YES;
				CODE_SIGN_STYLE = Automatic;
				DEVELOPMENT_TEAM = 5FF785XRZ6;
				GCC_GENERATE_TEST_COVERAGE_FILES = YES;
				INFOPLIST_FILE = calendar99Tests/Info.plist;
				LD_RUNPATH_SEARCH_PATHS = (
					"$(inherited)",
					"@executable_path/Frameworks",
					"@loader_path/Frameworks",
				);
				PRODUCT_BUNDLE_IDENTIFIER = org.swiften.calendar99Tests;
				PRODUCT_NAME = "$(TARGET_NAME)";
				SWIFT_VERSION = 3.0;
				TARGETED_DEVICE_FAMILY = "1,2";
			};
			name = Release;
		};
		D3DA6FC7207C6D2300A3DFE1 /* Debug */ = {
			isa = XCBuildConfiguration;
			baseConfigurationReference = CA2363311704BDDCFECB5053 /* Pods-calendar99-logic.debug.xcconfig */;
			buildSettings = {
				CLANG_ENABLE_MODULES = YES;
				CODE_SIGN_IDENTITY = "";
				CODE_SIGN_STYLE = Automatic;
				DEFINES_MODULE = YES;
				DEVELOPMENT_TEAM = 5FF785XRZ6;
				DYLIB_COMPATIBILITY_VERSION = 1;
				DYLIB_CURRENT_VERSION = 1;
				DYLIB_INSTALL_NAME_BASE = "@rpath";
				GCC_GENERATE_TEST_COVERAGE_FILES = YES;
				INFOPLIST_FILE = "calendar99-logic/Info.plist";
				INSTALL_PATH = "$(LOCAL_LIBRARY_DIR)/Frameworks";
				LD_RUNPATH_SEARCH_PATHS = (
					"$(inherited)",
					"@executable_path/Frameworks",
					"@loader_path/Frameworks",
				);
				PRODUCT_BUNDLE_IDENTIFIER = "org.swiften.calendar99-logic";
				PRODUCT_NAME = "$(TARGET_NAME:c99extidentifier)";
				SKIP_INSTALL = YES;
				SWIFT_OPTIMIZATION_LEVEL = "-Onone";
				SWIFT_VERSION = 3.0;
				TARGETED_DEVICE_FAMILY = "1,2";
			};
			name = Debug;
		};
		D3DA6FC8207C6D2300A3DFE1 /* Release */ = {
			isa = XCBuildConfiguration;
			baseConfigurationReference = 320E00D12C0E1392AB73DE2E /* Pods-calendar99-logic.release.xcconfig */;
			buildSettings = {
				CLANG_ENABLE_MODULES = YES;
				CODE_SIGN_IDENTITY = "";
				CODE_SIGN_STYLE = Automatic;
				DEFINES_MODULE = YES;
				DEVELOPMENT_TEAM = 5FF785XRZ6;
				DYLIB_COMPATIBILITY_VERSION = 1;
				DYLIB_CURRENT_VERSION = 1;
				DYLIB_INSTALL_NAME_BASE = "@rpath";
				GCC_GENERATE_TEST_COVERAGE_FILES = YES;
				INFOPLIST_FILE = "calendar99-logic/Info.plist";
				INSTALL_PATH = "$(LOCAL_LIBRARY_DIR)/Frameworks";
				LD_RUNPATH_SEARCH_PATHS = (
					"$(inherited)",
					"@executable_path/Frameworks",
					"@loader_path/Frameworks",
				);
				PRODUCT_BUNDLE_IDENTIFIER = "org.swiften.calendar99-logic";
				PRODUCT_NAME = "$(TARGET_NAME:c99extidentifier)";
				SKIP_INSTALL = YES;
				SWIFT_VERSION = 3.0;
				TARGETED_DEVICE_FAMILY = "1,2";
			};
			name = Release;
		};
		D3DA6FC9207C6D2300A3DFE1 /* Debug */ = {
			isa = XCBuildConfiguration;
			baseConfigurationReference = 2F64F57362BEB3E1164FB5BC /* Pods-calendar99-logicTests.debug.xcconfig */;
			buildSettings = {
				ALWAYS_EMBED_SWIFT_STANDARD_LIBRARIES = YES;
				CLANG_ENABLE_MODULES = YES;
				CODE_SIGN_STYLE = Automatic;
				DEVELOPMENT_TEAM = 5FF785XRZ6;
				GCC_GENERATE_TEST_COVERAGE_FILES = YES;
				INFOPLIST_FILE = "calendar99-logicTests/Info.plist";
				LD_RUNPATH_SEARCH_PATHS = (
					"$(inherited)",
					"@executable_path/Frameworks",
					"@loader_path/Frameworks",
				);
				PRODUCT_BUNDLE_IDENTIFIER = "org.swiften.calendar99-logicTests";
				PRODUCT_NAME = "$(TARGET_NAME)";
				SWIFT_OPTIMIZATION_LEVEL = "-Onone";
				SWIFT_VERSION = 3.0;
				TARGETED_DEVICE_FAMILY = "1,2";
			};
			name = Debug;
		};
		D3DA6FCA207C6D2300A3DFE1 /* Release */ = {
			isa = XCBuildConfiguration;
			baseConfigurationReference = B83FD4052FC070AEB5AC9F55 /* Pods-calendar99-logicTests.release.xcconfig */;
			buildSettings = {
				ALWAYS_EMBED_SWIFT_STANDARD_LIBRARIES = YES;
				CLANG_ENABLE_MODULES = YES;
				CODE_SIGN_STYLE = Automatic;
				DEVELOPMENT_TEAM = 5FF785XRZ6;
				GCC_GENERATE_TEST_COVERAGE_FILES = YES;
				INFOPLIST_FILE = "calendar99-logicTests/Info.plist";
				LD_RUNPATH_SEARCH_PATHS = (
					"$(inherited)",
					"@executable_path/Frameworks",
					"@loader_path/Frameworks",
				);
				PRODUCT_BUNDLE_IDENTIFIER = "org.swiften.calendar99-logicTests";
				PRODUCT_NAME = "$(TARGET_NAME)";
				SWIFT_VERSION = 3.0;
				TARGETED_DEVICE_FAMILY = "1,2";
			};
			name = Release;
		};
		D3DA7003207C739600A3DFE1 /* Debug */ = {
			isa = XCBuildConfiguration;
			baseConfigurationReference = 7B3C8C28804A3AC4610AC5C0 /* Pods-calendar99-demo.debug.xcconfig */;
			buildSettings = {
				ASSETCATALOG_COMPILER_APPICON_NAME = AppIcon;
				CODE_SIGN_STYLE = Automatic;
				DEVELOPMENT_TEAM = 5FF785XRZ6;
				GCC_GENERATE_TEST_COVERAGE_FILES = YES;
				INFOPLIST_FILE = "calendar99-demo/Info.plist";
				IPHONEOS_DEPLOYMENT_TARGET = 9.0;
				LD_RUNPATH_SEARCH_PATHS = (
					"$(inherited)",
					"@executable_path/Frameworks",
				);
				PRODUCT_BUNDLE_IDENTIFIER = "org.swiften.calendar99-demo";
				PRODUCT_NAME = "$(TARGET_NAME)";
				SWIFT_VERSION = 3.0;
				TARGETED_DEVICE_FAMILY = "1,2";
			};
			name = Debug;
		};
		D3DA7004207C739600A3DFE1 /* Release */ = {
			isa = XCBuildConfiguration;
			baseConfigurationReference = 04D74B116647242FC8CF08CA /* Pods-calendar99-demo.release.xcconfig */;
			buildSettings = {
				ASSETCATALOG_COMPILER_APPICON_NAME = AppIcon;
				CODE_SIGN_STYLE = Automatic;
				DEVELOPMENT_TEAM = 5FF785XRZ6;
				GCC_GENERATE_TEST_COVERAGE_FILES = YES;
				INFOPLIST_FILE = "calendar99-demo/Info.plist";
				IPHONEOS_DEPLOYMENT_TARGET = 9.0;
				LD_RUNPATH_SEARCH_PATHS = (
					"$(inherited)",
					"@executable_path/Frameworks",
				);
				PRODUCT_BUNDLE_IDENTIFIER = "org.swiften.calendar99-demo";
				PRODUCT_NAME = "$(TARGET_NAME)";
				SWIFT_VERSION = 3.0;
				TARGETED_DEVICE_FAMILY = "1,2";
			};
			name = Release;
		};
/* End XCBuildConfiguration section */

/* Begin XCConfigurationList section */
		D3DA6F91207C6CEE00A3DFE1 /* Build configuration list for PBXProject "calendar99" */ = {
			isa = XCConfigurationList;
			buildConfigurations = (
				D3DA6FA9207C6CEE00A3DFE1 /* Debug */,
				D3DA6FAA207C6CEE00A3DFE1 /* Release */,
			);
			defaultConfigurationIsVisible = 0;
			defaultConfigurationName = Release;
		};
		D3DA6FAB207C6CEE00A3DFE1 /* Build configuration list for PBXNativeTarget "calendar99" */ = {
			isa = XCConfigurationList;
			buildConfigurations = (
				D3DA6FAC207C6CEE00A3DFE1 /* Debug */,
				D3DA6FAD207C6CEE00A3DFE1 /* Release */,
			);
			defaultConfigurationIsVisible = 0;
			defaultConfigurationName = Release;
		};
		D3DA6FAE207C6CEE00A3DFE1 /* Build configuration list for PBXNativeTarget "calendar99Tests" */ = {
			isa = XCConfigurationList;
			buildConfigurations = (
				D3DA6FAF207C6CEE00A3DFE1 /* Debug */,
				D3DA6FB0207C6CEE00A3DFE1 /* Release */,
			);
			defaultConfigurationIsVisible = 0;
			defaultConfigurationName = Release;
		};
		D3DA6FCB207C6D2300A3DFE1 /* Build configuration list for PBXNativeTarget "calendar99-logic" */ = {
			isa = XCConfigurationList;
			buildConfigurations = (
				D3DA6FC7207C6D2300A3DFE1 /* Debug */,
				D3DA6FC8207C6D2300A3DFE1 /* Release */,
			);
			defaultConfigurationIsVisible = 0;
			defaultConfigurationName = Release;
		};
		D3DA6FCC207C6D2300A3DFE1 /* Build configuration list for PBXNativeTarget "calendar99-logicTests" */ = {
			isa = XCConfigurationList;
			buildConfigurations = (
				D3DA6FC9207C6D2300A3DFE1 /* Debug */,
				D3DA6FCA207C6D2300A3DFE1 /* Release */,
			);
			defaultConfigurationIsVisible = 0;
			defaultConfigurationName = Release;
		};
		D3DA7002207C739600A3DFE1 /* Build configuration list for PBXNativeTarget "calendar99-demo" */ = {
			isa = XCConfigurationList;
			buildConfigurations = (
				D3DA7003207C739600A3DFE1 /* Debug */,
				D3DA7004207C739600A3DFE1 /* Release */,
			);
			defaultConfigurationIsVisible = 0;
			defaultConfigurationName = Release;
		};
/* End XCConfigurationList section */
	};
	rootObject = D3DA6F8E207C6CEE00A3DFE1 /* Project object */;
}
